
Microsoft Visual Studio Solution File, Format Version 12.00
# Visual Studio 15
VisualStudioVersion = 15.0.27428.2043
MinimumVisualStudioVersion = 10.0.40219.1
Project("{888888A0-9F3D-457C-B088-3A5042F75D52}") = "PythonScripts", "PythonScripts\PythonScripts.pyproj", "{DBEA96B7-C897-4860-AA87-A93CB9E3C9CC}"
EndProject
Global
	GlobalSection(SolutionConfigurationPlatforms) = preSolution
		Debug|Any CPU = Debug|Any CPU
		Release|Any CPU = Release|Any CPU
	EndGlobalSection
	GlobalSection(ProjectConfigurationPlatforms) = postSolution
		{DBEA96B7-C897-4860-AA87-A93CB9E3C9CC}.Debug|Any CPU.ActiveCfg = Debug|Any CPU
		{DBEA96B7-C897-4860-AA87-A93CB9E3C9CC}.Release|Any CPU.ActiveCfg = Release|Any CPU
	EndGlobalSection
	GlobalSection(SolutionProperties) = preSolution
		HideSolutionNode = FALSE
	EndGlobalSection
	GlobalSection(ExtensibilityGlobals) = postSolution
		SolutionGuid = {96B24A90-C647-43FE-9117-7344C61580F1}
	EndGlobalSection
EndGlobal
